
Microsoft Visual Studio Solution File, Format Version 12.00
# Visual Studio Version 17
VisualStudioVersion = 17.4.33103.184
MinimumVisualStudioVersion = 10.0.40219.1
Project("{9A19103F-16F7-4668-BE54-9A1E7A4F7556}") = "BinaryBasics", "BinaryBasics\BinaryBasics.csproj", "{615B4563-4118-4651-B0F5-3E6E49C41329}"
EndProject
Project("{FAE04EC0-301F-11D3-BF4B-00C04F79EFBC}") = "BitHelper", "BitHelper\BitHelper\BitHelper.csproj", "{D9BB1188-EF30-4E01-A900-163B10B95B45}"
EndProject
Global
	GlobalSection(SolutionConfigurationPlatforms) = preSolution
		Debug|Any CPU = Debug|Any CPU
		Release|Any CPU = Release|Any CPU
	EndGlobalSection
	GlobalSection(ProjectConfigurationPlatforms) = postSolution
		{615B4563-4118-4651-B0F5-3E6E49C41329}.Debug|Any CPU.ActiveCfg = Debug|Any CPU
		{615B4563-4118-4651-B0F5-3E6E49C41329}.Debug|Any CPU.Build.0 = Debug|Any CPU
		{615B4563-4118-4651-B0F5-3E6E49C41329}.Release|Any CPU.ActiveCfg = Release|Any CPU
		{615B4563-4118-4651-B0F5-3E6E49C41329}.Release|Any CPU.Build.0 = Release|Any CPU
		{D9BB1188-EF30-4E01-A900-163B10B95B45}.Debug|Any CPU.ActiveCfg = Debug|Any CPU
		{D9BB1188-EF30-4E01-A900-163B10B95B45}.Debug|Any CPU.Build.0 = Debug|Any CPU
		{D9BB1188-EF30-4E01-A900-163B10B95B45}.Release|Any CPU.ActiveCfg = Release|Any CPU
		{D9BB1188-EF30-4E01-A900-163B10B95B45}.Release|Any CPU.Build.0 = Release|Any CPU
	EndGlobalSection
	GlobalSection(SolutionProperties) = preSolution
		HideSolutionNode = FALSE
	EndGlobalSection
	GlobalSection(ExtensibilityGlobals) = postSolution
		SolutionGuid = {D70F548C-CB46-4248-8F89-E89163BE8A5D}
	EndGlobalSection
EndGlobal
